
Microsoft Visual Studio Solution File, Format Version 12.00
# Visual Studio Version 17
VisualStudioVersion = 17.11.35327.3
MinimumVisualStudioVersion = 10.0.40219.1
Project("{FAE04EC0-301F-11D3-BF4B-00C04F79EFBC}") = "Conversii", "Conversii\Conversii.csproj", "{3317C97B-E0C7-49AB-9A82-5ED372D67F11}"
EndProject
Global
	GlobalSection(SolutionConfigurationPlatforms) = preSolution
		Debug|Any CPU = Debug|Any CPU
		Release|Any CPU = Release|Any CPU
	EndGlobalSection
	GlobalSection(ProjectConfigurationPlatforms) = postSolution
		{3317C97B-E0C7-49AB-9A82-5ED372D67F11}.Debug|Any CPU.ActiveCfg = Debug|Any CPU
		{3317C97B-E0C7-49AB-9A82-5ED372D67F11}.Debug|Any CPU.Build.0 = Debug|Any CPU
		{3317C97B-E0C7-49AB-9A82-5ED372D67F11}.Release|Any CPU.ActiveCfg = Release|Any CPU
		{3317C97B-E0C7-49AB-9A82-5ED372D67F11}.Release|Any CPU.Build.0 = Release|Any CPU
	EndGlobalSection
	GlobalSection(SolutionProperties) = preSolution
		HideSolutionNode = FALSE
	EndGlobalSection
	GlobalSection(ExtensibilityGlobals) = postSolution
		SolutionGuid = {0C68018D-0E88-4677-AABB-363BCADCD1F3}
	EndGlobalSection
EndGlobal
